
Microsoft Visual Studio Solution File, Format Version 12.00
# Visual Studio 15
Project("{FAE04EC0-301F-11D3-BF4B-00C04F79EFBC}") = "VRC.Udon.Serialization.OdinSerializer", "VRC.Udon.Serialization.OdinSerializer.csproj", "{0CA144C4-B1B4-BE5B-D4E6-708F31FBFB82}"
EndProject
Project("{FAE04EC0-301F-11D3-BF4B-00C04F79EFBC}") = "UdonSharp.Editor", "UdonSharp.Editor.csproj", "{02CE4246-9823-8119-1E83-9D1AA792DE91}"
EndProject
Project("{FAE04EC0-301F-11D3-BF4B-00C04F79EFBC}") = "VRC.Udon.Editor", "VRC.Udon.Editor.csproj", "{08323C5F-9A62-01FC-7BF8-2E43FCC2B6A7}"
EndProject
Project("{FAE04EC0-301F-11D3-BF4B-00C04F79EFBC}") = "VRC.SDKBase.Editor", "VRC.SDKBase.Editor.csproj", "{0878BE5A-17BE-0528-570F-E1DD20C887BD}"
EndProject
Project("{FAE04EC0-301F-11D3-BF4B-00C04F79EFBC}") = "UniTask", "UniTask.csproj", "{6B5A0E7A-1BF7-7849-C6B0-EB0281A8AACA}"
EndProject
Project("{FAE04EC0-301F-11D3-BF4B-00C04F79EFBC}") = "VRC.ClientSim", "VRC.ClientSim.csproj", "{AEBB393E-4C75-012F-521B-5013A6221514}"
EndProject
Project("{FAE04EC0-301F-11D3-BF4B-00C04F79EFBC}") = "UniTask.Linq", "UniTask.Linq.csproj", "{2BF9C613-820E-0FFE-CA27-B62AB7BD1091}"
EndProject
Project("{FAE04EC0-301F-11D3-BF4B-00C04F79EFBC}") = "VRC.SDKBase", "VRC.SDKBase.csproj", "{1CDE18E8-B018-A314-4A63-F35F74E747A2}"
EndProject
Project("{FAE04EC0-301F-11D3-BF4B-00C04F79EFBC}") = "VRC.ClientSim.Editor", "VRC.ClientSim.Editor.csproj", "{9E51E69C-D1CD-0601-8AEF-96D3D33BEDBE}"
EndProject
Project("{FAE04EC0-301F-11D3-BF4B-00C04F79EFBC}") = "VRC.SDK3", "VRC.SDK3.csproj", "{394489D2-28FE-7382-21CB-231961FA7E1C}"
EndProject
Project("{FAE04EC0-301F-11D3-BF4B-00C04F79EFBC}") = "VRC.SDK3.Editor", "VRC.SDK3.Editor.csproj", "{73B92305-F813-6CBF-A11B-242BDBFFB00B}"
EndProject
Project("{FAE04EC0-301F-11D3-BF4B-00C04F79EFBC}") = "UniTask.DOTween", "UniTask.DOTween.csproj", "{BF2D4548-4A66-DEA6-061F-3753CA469022}"
EndProject
Project("{FAE04EC0-301F-11D3-BF4B-00C04F79EFBC}") = "UnityEditorTests", "UnityEditorTests.csproj", "{66652A1F-C3CE-3BF6-4AC8-918F80D848F1}"
EndProject
Project("{FAE04EC0-301F-11D3-BF4B-00C04F79EFBC}") = "humr.outputlogloader.Editor", "humr.outputlogloader.Editor.csproj", "{2935E7E3-FB2D-F978-D0B2-62F8F3C0394E}"
EndProject
Project("{FAE04EC0-301F-11D3-BF4B-00C04F79EFBC}") = "VRC.Udon", "VRC.Udon.csproj", "{0CBFE70F-047E-382D-021A-27CD0A9A23D7}"
EndProject
Project("{FAE04EC0-301F-11D3-BF4B-00C04F79EFBC}") = "Assembly-CSharp", "Assembly-CSharp.csproj", "{E5852733-9DD7-AC99-D18C-DD7DDBA3FC64}"
EndProject
Project("{FAE04EC0-301F-11D3-BF4B-00C04F79EFBC}") = "com.vrchat.core.vpm-resolver.Editor", "com.vrchat.core.vpm-resolver.Editor.csproj", "{2AB0985D-3529-8AFE-EA3D-323448F31E17}"
EndProject
Project("{FAE04EC0-301F-11D3-BF4B-00C04F79EFBC}") = "VRC.SDKBase.Editor.ShaderStripping", "VRC.SDKBase.Editor.ShaderStripping.csproj", "{48CF8719-B3C1-2974-1920-C9631F69C37A}"
EndProject
Project("{FAE04EC0-301F-11D3-BF4B-00C04F79EFBC}") = "humr.outputlogloader", "humr.outputlogloader.csproj", "{F1CE4226-C2A5-CD9E-868F-1001B19841FF}"
EndProject
Project("{FAE04EC0-301F-11D3-BF4B-00C04F79EFBC}") = "UdonSharp.Runtime", "UdonSharp.Runtime.csproj", "{5C30DB17-A0AE-3A41-0053-0EB630C29CD3}"
EndProject
Project("{FAE04EC0-301F-11D3-BF4B-00C04F79EFBC}") = "UniTask.Editor", "UniTask.Editor.csproj", "{A45CF38C-8D32-580C-F175-99923060DFC5}"
EndProject
Project("{FAE04EC0-301F-11D3-BF4B-00C04F79EFBC}") = "UdonSharp.Lib", "UdonSharp.Lib.csproj", "{A1C8CC76-6D03-E644-954C-471DBA4371EE}"
EndProject
Project("{FAE04EC0-301F-11D3-BF4B-00C04F79EFBC}") = "VRC.SDKBase.Editor.BuildPipeline", "VRC.SDKBase.Editor.BuildPipeline.csproj", "{2DAC791E-60F1-32E4-A656-856934217F04}"
EndProject
Project("{FAE04EC0-301F-11D3-BF4B-00C04F79EFBC}") = "UniTask.Addressables", "UniTask.Addressables.csproj", "{3FB0725C-6428-DC93-88D7-58BBDC974C0E}"
EndProject
Project("{FAE04EC0-301F-11D3-BF4B-00C04F79EFBC}") = "UniTask.TextMeshPro", "UniTask.TextMeshPro.csproj", "{5B47366E-DEA2-E6C5-C591-D0182B6E55DC}"
EndProject
Global
	GlobalSection(SolutionConfigurationPlatforms) = preSolution
		Debug|Any CPU = Debug|Any CPU
		Release|Any CPU = Release|Any CPU
	EndGlobalSection
	GlobalSection(ProjectConfigurationPlatforms) = postSolution
		{0CA144C4-B1B4-BE5B-D4E6-708F31FBFB82}.Debug|Any CPU.ActiveCfg = Debug|Any CPU
		{0CA144C4-B1B4-BE5B-D4E6-708F31FBFB82}.Debug|Any CPU.Build.0 = Debug|Any CPU
		{0CA144C4-B1B4-BE5B-D4E6-708F31FBFB82}.Release|Any CPU.ActiveCfg = Release|Any CPU
		{0CA144C4-B1B4-BE5B-D4E6-708F31FBFB82}.Release|Any CPU.Build.0 = Release|Any CPU
		{02CE4246-9823-8119-1E83-9D1AA792DE91}.Debug|Any CPU.ActiveCfg = Debug|Any CPU
		{02CE4246-9823-8119-1E83-9D1AA792DE91}.Debug|Any CPU.Build.0 = Debug|Any CPU
		{02CE4246-9823-8119-1E83-9D1AA792DE91}.Release|Any CPU.ActiveCfg = Release|Any CPU
		{02CE4246-9823-8119-1E83-9D1AA792DE91}.Release|Any CPU.Build.0 = Release|Any CPU
		{08323C5F-9A62-01FC-7BF8-2E43FCC2B6A7}.Debug|Any CPU.ActiveCfg = Debug|Any CPU
		{08323C5F-9A62-01FC-7BF8-2E43FCC2B6A7}.Debug|Any CPU.Build.0 = Debug|Any CPU
		{08323C5F-9A62-01FC-7BF8-2E43FCC2B6A7}.Release|Any CPU.ActiveCfg = Release|Any CPU
		{08323C5F-9A62-01FC-7BF8-2E43FCC2B6A7}.Release|Any CPU.Build.0 = Release|Any CPU
		{0878BE5A-17BE-0528-570F-E1DD20C887BD}.Debug|Any CPU.ActiveCfg = Debug|Any CPU
		{0878BE5A-17BE-0528-570F-E1DD20C887BD}.Debug|Any CPU.Build.0 = Debug|Any CPU
		{0878BE5A-17BE-0528-570F-E1DD20C887BD}.Release|Any CPU.ActiveCfg = Release|Any CPU
		{0878BE5A-17BE-0528-570F-E1DD20C887BD}.Release|Any CPU.Build.0 = Release|Any CPU
		{6B5A0E7A-1BF7-7849-C6B0-EB0281A8AACA}.Debug|Any CPU.ActiveCfg = Debug|Any CPU
		{6B5A0E7A-1BF7-7849-C6B0-EB0281A8AACA}.Debug|Any CPU.Build.0 = Debug|Any CPU
		{6B5A0E7A-1BF7-7849-C6B0-EB0281A8AACA}.Release|Any CPU.ActiveCfg = Release|Any CPU
		{6B5A0E7A-1BF7-7849-C6B0-EB0281A8AACA}.Release|Any CPU.Build.0 = Release|Any CPU
		{AEBB393E-4C75-012F-521B-5013A6221514}.Debug|Any CPU.ActiveCfg = Debug|Any CPU
		{AEBB393E-4C75-012F-521B-5013A6221514}.Debug|Any CPU.Build.0 = Debug|Any CPU
		{AEBB393E-4C75-012F-521B-5013A6221514}.Release|Any CPU.ActiveCfg = Release|Any CPU
		{AEBB393E-4C75-012F-521B-5013A6221514}.Release|Any CPU.Build.0 = Release|Any CPU
		{2BF9C613-820E-0FFE-CA27-B62AB7BD1091}.Debug|Any CPU.ActiveCfg = Debug|Any CPU
		{2BF9C613-820E-0FFE-CA27-B62AB7BD1091}.Debug|Any CPU.Build.0 = Debug|Any CPU
		{2BF9C613-820E-0FFE-CA27-B62AB7BD1091}.Release|Any CPU.ActiveCfg = Release|Any CPU
		{2BF9C613-820E-0FFE-CA27-B62AB7BD1091}.Release|Any CPU.Build.0 = Release|Any CPU
		{1CDE18E8-B018-A314-4A63-F35F74E747A2}.Debug|Any CPU.ActiveCfg = Debug|Any CPU
		{1CDE18E8-B018-A314-4A63-F35F74E747A2}.Debug|Any CPU.Build.0 = Debug|Any CPU
		{1CDE18E8-B018-A314-4A63-F35F74E747A2}.Release|Any CPU.ActiveCfg = Release|Any CPU
		{1CDE18E8-B018-A314-4A63-F35F74E747A2}.Release|Any CPU.Build.0 = Release|Any CPU
		{9E51E69C-D1CD-0601-8AEF-96D3D33BEDBE}.Debug|Any CPU.ActiveCfg = Debug|Any CPU
		{9E51E69C-D1CD-0601-8AEF-96D3D33BEDBE}.Debug|Any CPU.Build.0 = Debug|Any CPU
		{9E51E69C-D1CD-0601-8AEF-96D3D33BEDBE}.Release|Any CPU.ActiveCfg = Release|Any CPU
		{9E51E69C-D1CD-0601-8AEF-96D3D33BEDBE}.Release|Any CPU.Build.0 = Release|Any CPU
		{394489D2-28FE-7382-21CB-231961FA7E1C}.Debug|Any CPU.ActiveCfg = Debug|Any CPU
		{394489D2-28FE-7382-21CB-231961FA7E1C}.Debug|Any CPU.Build.0 = Debug|Any CPU
		{394489D2-28FE-7382-21CB-231961FA7E1C}.Release|Any CPU.ActiveCfg = Release|Any CPU
		{394489D2-28FE-7382-21CB-231961FA7E1C}.Release|Any CPU.Build.0 = Release|Any CPU
		{73B92305-F813-6CBF-A11B-242BDBFFB00B}.Debug|Any CPU.ActiveCfg = Debug|Any CPU
		{73B92305-F813-6CBF-A11B-242BDBFFB00B}.Debug|Any CPU.Build.0 = Debug|Any CPU
		{73B92305-F813-6CBF-A11B-242BDBFFB00B}.Release|Any CPU.ActiveCfg = Release|Any CPU
		{73B92305-F813-6CBF-A11B-242BDBFFB00B}.Release|Any CPU.Build.0 = Release|Any CPU
		{BF2D4548-4A66-DEA6-061F-3753CA469022}.Debug|Any CPU.ActiveCfg = Debug|Any CPU
		{BF2D4548-4A66-DEA6-061F-3753CA469022}.Debug|Any CPU.Build.0 = Debug|Any CPU
		{BF2D4548-4A66-DEA6-061F-3753CA469022}.Release|Any CPU.ActiveCfg = Release|Any CPU
		{BF2D4548-4A66-DEA6-061F-3753CA469022}.Release|Any CPU.Build.0 = Release|Any CPU
		{66652A1F-C3CE-3BF6-4AC8-918F80D848F1}.Debug|Any CPU.ActiveCfg = Debug|Any CPU
		{66652A1F-C3CE-3BF6-4AC8-918F80D848F1}.Debug|Any CPU.Build.0 = Debug|Any CPU
		{66652A1F-C3CE-3BF6-4AC8-918F80D848F1}.Release|Any CPU.ActiveCfg = Release|Any CPU
		{66652A1F-C3CE-3BF6-4AC8-918F80D848F1}.Release|Any CPU.Build.0 = Release|Any CPU
		{2935E7E3-FB2D-F978-D0B2-62F8F3C0394E}.Debug|Any CPU.ActiveCfg = Debug|Any CPU
		{2935E7E3-FB2D-F978-D0B2-62F8F3C0394E}.Debug|Any CPU.Build.0 = Debug|Any CPU
		{2935E7E3-FB2D-F978-D0B2-62F8F3C0394E}.Release|Any CPU.ActiveCfg = Release|Any CPU
		{2935E7E3-FB2D-F978-D0B2-62F8F3C0394E}.Release|Any CPU.Build.0 = Release|Any CPU
		{0CBFE70F-047E-382D-021A-27CD0A9A23D7}.Debug|Any CPU.ActiveCfg = Debug|Any CPU
		{0CBFE70F-047E-382D-021A-27CD0A9A23D7}.Debug|Any CPU.Build.0 = Debug|Any CPU
		{0CBFE70F-047E-382D-021A-27CD0A9A23D7}.Release|Any CPU.ActiveCfg = Release|Any CPU
		{0CBFE70F-047E-382D-021A-27CD0A9A23D7}.Release|Any CPU.Build.0 = Release|Any CPU
		{E5852733-9DD7-AC99-D18C-DD7DDBA3FC64}.Debug|Any CPU.ActiveCfg = Debug|Any CPU
		{E5852733-9DD7-AC99-D18C-DD7DDBA3FC64}.Debug|Any CPU.Build.0 = Debug|Any CPU
		{E5852733-9DD7-AC99-D18C-DD7DDBA3FC64}.Release|Any CPU.ActiveCfg = Release|Any CPU
		{E5852733-9DD7-AC99-D18C-DD7DDBA3FC64}.Release|Any CPU.Build.0 = Release|Any CPU
		{2AB0985D-3529-8AFE-EA3D-323448F31E17}.Debug|Any CPU.ActiveCfg = Debug|Any CPU
		{2AB0985D-3529-8AFE-EA3D-323448F31E17}.Debug|Any CPU.Build.0 = Debug|Any CPU
		{2AB0985D-3529-8AFE-EA3D-323448F31E17}.Release|Any CPU.ActiveCfg = Release|Any CPU
		{2AB0985D-3529-8AFE-EA3D-323448F31E17}.Release|Any CPU.Build.0 = Release|Any CPU
		{48CF8719-B3C1-2974-1920-C9631F69C37A}.Debug|Any CPU.ActiveCfg = Debug|Any CPU
		{48CF8719-B3C1-2974-1920-C9631F69C37A}.Debug|Any CPU.Build.0 = Debug|Any CPU
		{48CF8719-B3C1-2974-1920-C9631F69C37A}.Release|Any CPU.ActiveCfg = Release|Any CPU
		{48CF8719-B3C1-2974-1920-C9631F69C37A}.Release|Any CPU.Build.0 = Release|Any CPU
		{F1CE4226-C2A5-CD9E-868F-1001B19841FF}.Debug|Any CPU.ActiveCfg = Debug|Any CPU
		{F1CE4226-C2A5-CD9E-868F-1001B19841FF}.Debug|Any CPU.Build.0 = Debug|Any CPU
		{F1CE4226-C2A5-CD9E-868F-1001B19841FF}.Release|Any CPU.ActiveCfg = Release|Any CPU
		{F1CE4226-C2A5-CD9E-868F-1001B19841FF}.Release|Any CPU.Build.0 = Release|Any CPU
		{5C30DB17-A0AE-3A41-0053-0EB630C29CD3}.Debug|Any CPU.ActiveCfg = Debug|Any CPU
		{5C30DB17-A0AE-3A41-0053-0EB630C29CD3}.Debug|Any CPU.Build.0 = Debug|Any CPU
		{5C30DB17-A0AE-3A41-0053-0EB630C29CD3}.Release|Any CPU.ActiveCfg = Release|Any CPU
		{5C30DB17-A0AE-3A41-0053-0EB630C29CD3}.Release|Any CPU.Build.0 = Release|Any CPU
		{A45CF38C-8D32-580C-F175-99923060DFC5}.Debug|Any CPU.ActiveCfg = Debug|Any CPU
		{A45CF38C-8D32-580C-F175-99923060DFC5}.Debug|Any CPU.Build.0 = Debug|Any CPU
		{A45CF38C-8D32-580C-F175-99923060DFC5}.Release|Any CPU.ActiveCfg = Release|Any CPU
		{A45CF38C-8D32-580C-F175-99923060DFC5}.Release|Any CPU.Build.0 = Release|Any CPU
		{A1C8CC76-6D03-E644-954C-471DBA4371EE}.Debug|Any CPU.ActiveCfg = Debug|Any CPU
		{A1C8CC76-6D03-E644-954C-471DBA4371EE}.Debug|Any CPU.Build.0 = Debug|Any CPU
		{A1C8CC76-6D03-E644-954C-471DBA4371EE}.Release|Any CPU.ActiveCfg = Release|Any CPU
		{A1C8CC76-6D03-E644-954C-471DBA4371EE}.Release|Any CPU.Build.0 = Release|Any CPU
		{2DAC791E-60F1-32E4-A656-856934217F04}.Debug|Any CPU.ActiveCfg = Debug|Any CPU
		{2DAC791E-60F1-32E4-A656-856934217F04}.Debug|Any CPU.Build.0 = Debug|Any CPU
		{2DAC791E-60F1-32E4-A656-856934217F04}.Release|Any CPU.ActiveCfg = Release|Any CPU
		{2DAC791E-60F1-32E4-A656-856934217F04}.Release|Any CPU.Build.0 = Release|Any CPU
		{3FB0725C-6428-DC93-88D7-58BBDC974C0E}.Debug|Any CPU.ActiveCfg = Debug|Any CPU
		{3FB0725C-6428-DC93-88D7-58BBDC974C0E}.Debug|Any CPU.Build.0 = Debug|Any CPU
		{3FB0725C-6428-DC93-88D7-58BBDC974C0E}.Release|Any CPU.ActiveCfg = Release|Any CPU
		{3FB0725C-6428-DC93-88D7-58BBDC974C0E}.Release|Any CPU.Build.0 = Release|Any CPU
		{5B47366E-DEA2-E6C5-C591-D0182B6E55DC}.Debug|Any CPU.ActiveCfg = Debug|Any CPU
		{5B47366E-DEA2-E6C5-C591-D0182B6E55DC}.Debug|Any CPU.Build.0 = Debug|Any CPU
		{5B47366E-DEA2-E6C5-C591-D0182B6E55DC}.Release|Any CPU.ActiveCfg = Release|Any CPU
		{5B47366E-DEA2-E6C5-C591-D0182B6E55DC}.Release|Any CPU.Build.0 = Release|Any CPU
	EndGlobalSection
	GlobalSection(SolutionProperties) = preSolution
		HideSolutionNode = FALSE
	EndGlobalSection
EndGlobal
